// !$*UTF8*$!
{
	archiveVersion = 1;
	classes = {
	};
	objectVersion = 55;
	objects = {

/* Begin PBXBuildFile section */
		432063482701B27A00A7D805 /* GitHubSearch_iOSApp.swift in Sources */ = {isa = PBXBuildFile; fileRef = 432063472701B27A00A7D805 /* GitHubSearch_iOSApp.swift */; };
		4320634A2701B27A00A7D805 /* RepositoriesView.swift in Sources */ = {isa = PBXBuildFile; fileRef = 432063492701B27A00A7D805 /* RepositoriesView.swift */; };
		4320634C2701B27C00A7D805 /* Assets.xcassets in Resources */ = {isa = PBXBuildFile; fileRef = 4320634B2701B27C00A7D805 /* Assets.xcassets */; };
		4320634F2701B27C00A7D805 /* Preview Assets.xcassets in Resources */ = {isa = PBXBuildFile; fileRef = 4320634E2701B27C00A7D805 /* Preview Assets.xcassets */; };
		432063592701B27C00A7D805 /* GitHubSearch_iOSTests.swift in Sources */ = {isa = PBXBuildFile; fileRef = 432063582701B27C00A7D805 /* GitHubSearch_iOSTests.swift */; };
		432063722701B6A900A7D805 /* AppDelegate.swift in Sources */ = {isa = PBXBuildFile; fileRef = 432063712701B6A900A7D805 /* AppDelegate.swift */; };
		432063762701DAD200A7D805 /* ApplicationService.swift in Sources */ = {isa = PBXBuildFile; fileRef = 432063752701DAD200A7D805 /* ApplicationService.swift */; };
		432063792701DB9800A7D805 /* EnvironmentConfiguration.swift in Sources */ = {isa = PBXBuildFile; fileRef = 432063782701DB9800A7D805 /* EnvironmentConfiguration.swift */; };
		4320637E2701DE6000A7D805 /* CoreDomainService.swift in Sources */ = {isa = PBXBuildFile; fileRef = 4320637D2701DE6000A7D805 /* CoreDomainService.swift */; };
		432063802701DEB700A7D805 /* Repository.swift in Sources */ = {isa = PBXBuildFile; fileRef = 4320637F2701DEB700A7D805 /* Repository.swift */; };
		432063832701E05000A7D805 /* CoreAPI.swift in Sources */ = {isa = PBXBuildFile; fileRef = 432063822701E05000A7D805 /* CoreAPI.swift */; };
		432063862701E33E00A7D805 /* NetworkClient.swift in Sources */ = {isa = PBXBuildFile; fileRef = 432063852701E33E00A7D805 /* NetworkClient.swift */; };
		432063882701E36500A7D805 /* DefaultNetworkClient.swift in Sources */ = {isa = PBXBuildFile; fileRef = 432063872701E36500A7D805 /* DefaultNetworkClient.swift */; };
		4320638B2701E68D00A7D805 /* CoreAPIRouter.swift in Sources */ = {isa = PBXBuildFile; fileRef = 4320638A2701E68D00A7D805 /* CoreAPIRouter.swift */; };
		4320638F2701EA1400A7D805 /* RootView.swift in Sources */ = {isa = PBXBuildFile; fileRef = 4320638E2701EA1400A7D805 /* RootView.swift */; };
		432063972702037200A7D805 /* GitHubResponse.swift in Sources */ = {isa = PBXBuildFile; fileRef = 432063962702037200A7D805 /* GitHubResponse.swift */; };
		432063992702051500A7D805 /* ResponseHandlerError.swift in Sources */ = {isa = PBXBuildFile; fileRef = 432063982702051500A7D805 /* ResponseHandlerError.swift */; };
		4320639B27032A3B00A7D805 /* GitHubError.swift in Sources */ = {isa = PBXBuildFile; fileRef = 4320639A27032A3B00A7D805 /* GitHubError.swift */; };
		4320639F27033C0400A7D805 /* SplashView.swift in Sources */ = {isa = PBXBuildFile; fileRef = 4320639E27033C0400A7D805 /* SplashView.swift */; };
		435AC92B27047D9C00447E15 /* AnyObservableObject.swift in Sources */ = {isa = PBXBuildFile; fileRef = 435AC92A27047D9C00447E15 /* AnyObservableObject.swift */; };
		435AC92E2704831F00447E15 /* View+Hidden.swift in Sources */ = {isa = PBXBuildFile; fileRef = 435AC92D2704831F00447E15 /* View+Hidden.swift */; };
/* End PBXBuildFile section */

/* Begin PBXContainerItemProxy section */
		432063552701B27C00A7D805 /* PBXContainerItemProxy */ = {
			isa = PBXContainerItemProxy;
			containerPortal = 4320633C2701B27A00A7D805 /* Project object */;
			proxyType = 1;
			remoteGlobalIDString = 432063432701B27A00A7D805;
			remoteInfo = GitHubSearch.iOS;
		};
/* End PBXContainerItemProxy section */

/* Begin PBXFileReference section */
		432063442701B27A00A7D805 /* GitHubSearch.iOS.app */ = {isa = PBXFileReference; explicitFileType = wrapper.application; includeInIndex = 0; path = GitHubSearch.iOS.app; sourceTree = BUILT_PRODUCTS_DIR; };
		432063472701B27A00A7D805 /* GitHubSearch_iOSApp.swift */ = {isa = PBXFileReference; lastKnownFileType = sourcecode.swift; path = GitHubSearch_iOSApp.swift; sourceTree = "<group>"; };
		432063492701B27A00A7D805 /* RepositoriesView.swift */ = {isa = PBXFileReference; lastKnownFileType = sourcecode.swift; path = RepositoriesView.swift; sourceTree = "<group>"; };
		4320634B2701B27C00A7D805 /* Assets.xcassets */ = {isa = PBXFileReference; lastKnownFileType = folder.assetcatalog; path = Assets.xcassets; sourceTree = "<group>"; };
		4320634E2701B27C00A7D805 /* Preview Assets.xcassets */ = {isa = PBXFileReference; lastKnownFileType = folder.assetcatalog; path = "Preview Assets.xcassets"; sourceTree = "<group>"; };
		432063542701B27C00A7D805 /* GitHubSearch.iOSTests.xctest */ = {isa = PBXFileReference; explicitFileType = wrapper.cfbundle; includeInIndex = 0; path = GitHubSearch.iOSTests.xctest; sourceTree = BUILT_PRODUCTS_DIR; };
		432063582701B27C00A7D805 /* GitHubSearch_iOSTests.swift */ = {isa = PBXFileReference; lastKnownFileType = sourcecode.swift; path = GitHubSearch_iOSTests.swift; sourceTree = "<group>"; };
		432063712701B6A900A7D805 /* AppDelegate.swift */ = {isa = PBXFileReference; lastKnownFileType = sourcecode.swift; path = AppDelegate.swift; sourceTree = "<group>"; };
		432063752701DAD200A7D805 /* ApplicationService.swift */ = {isa = PBXFileReference; lastKnownFileType = sourcecode.swift; path = ApplicationService.swift; sourceTree = "<group>"; };
		432063782701DB9800A7D805 /* EnvironmentConfiguration.swift */ = {isa = PBXFileReference; lastKnownFileType = sourcecode.swift; path = EnvironmentConfiguration.swift; sourceTree = "<group>"; };
		4320637D2701DE6000A7D805 /* CoreDomainService.swift */ = {isa = PBXFileReference; lastKnownFileType = sourcecode.swift; path = CoreDomainService.swift; sourceTree = "<group>"; };
		4320637F2701DEB700A7D805 /* Repository.swift */ = {isa = PBXFileReference; lastKnownFileType = sourcecode.swift; path = Repository.swift; sourceTree = "<group>"; };
		432063822701E05000A7D805 /* CoreAPI.swift */ = {isa = PBXFileReference; lastKnownFileType = sourcecode.swift; path = CoreAPI.swift; sourceTree = "<group>"; };
		432063852701E33E00A7D805 /* NetworkClient.swift */ = {isa = PBXFileReference; lastKnownFileType = sourcecode.swift; path = NetworkClient.swift; sourceTree = "<group>"; };
		432063872701E36500A7D805 /* DefaultNetworkClient.swift */ = {isa = PBXFileReference; lastKnownFileType = sourcecode.swift; path = DefaultNetworkClient.swift; sourceTree = "<group>"; };
		4320638A2701E68D00A7D805 /* CoreAPIRouter.swift */ = {isa = PBXFileReference; lastKnownFileType = sourcecode.swift; path = CoreAPIRouter.swift; sourceTree = "<group>"; };
		4320638E2701EA1400A7D805 /* RootView.swift */ = {isa = PBXFileReference; lastKnownFileType = sourcecode.swift; path = RootView.swift; sourceTree = "<group>"; };
		432063962702037200A7D805 /* GitHubResponse.swift */ = {isa = PBXFileReference; lastKnownFileType = sourcecode.swift; path = GitHubResponse.swift; sourceTree = "<group>"; };
		432063982702051500A7D805 /* ResponseHandlerError.swift */ = {isa = PBXFileReference; lastKnownFileType = sourcecode.swift; path = ResponseHandlerError.swift; sourceTree = "<group>"; };
		4320639A27032A3B00A7D805 /* GitHubError.swift */ = {isa = PBXFileReference; lastKnownFileType = sourcecode.swift; path = GitHubError.swift; sourceTree = "<group>"; };
		4320639E27033C0400A7D805 /* SplashView.swift */ = {isa = PBXFileReference; lastKnownFileType = sourcecode.swift; path = SplashView.swift; sourceTree = "<group>"; };
		435AC92A27047D9C00447E15 /* AnyObservableObject.swift */ = {isa = PBXFileReference; lastKnownFileType = sourcecode.swift; path = AnyObservableObject.swift; sourceTree = "<group>"; };
		435AC92D2704831F00447E15 /* View+Hidden.swift */ = {isa = PBXFileReference; lastKnownFileType = sourcecode.swift; path = "View+Hidden.swift"; sourceTree = "<group>"; };
/* End PBXFileReference section */

/* Begin PBXFrameworksBuildPhase section */
		432063412701B27A00A7D805 /* Frameworks */ = {
			isa = PBXFrameworksBuildPhase;
			buildActionMask = 2147483647;
			files = (
			);
			runOnlyForDeploymentPostprocessing = 0;
		};
		432063512701B27C00A7D805 /* Frameworks */ = {
			isa = PBXFrameworksBuildPhase;
			buildActionMask = 2147483647;
			files = (
			);
			runOnlyForDeploymentPostprocessing = 0;
		};
/* End PBXFrameworksBuildPhase section */

/* Begin PBXGroup section */
		4320633B2701B27A00A7D805 = {
			isa = PBXGroup;
			children = (
				432063462701B27A00A7D805 /* GitHubSearch.iOS */,
				432063572701B27C00A7D805 /* GitHubSearch.iOSTests */,
				432063452701B27A00A7D805 /* Products */,
			);
			sourceTree = "<group>";
		};
		432063452701B27A00A7D805 /* Products */ = {
			isa = PBXGroup;
			children = (
				432063442701B27A00A7D805 /* GitHubSearch.iOS.app */,
				432063542701B27C00A7D805 /* GitHubSearch.iOSTests.xctest */,
			);
			name = Products;
			sourceTree = "<group>";
		};
		432063462701B27A00A7D805 /* GitHubSearch.iOS */ = {
			isa = PBXGroup;
			children = (
				432063732701B7B500A7D805 /* GitHubSearch */,
			);
			path = GitHubSearch.iOS;
			sourceTree = "<group>";
		};
		4320634D2701B27C00A7D805 /* Preview Content */ = {
			isa = PBXGroup;
			children = (
				4320634E2701B27C00A7D805 /* Preview Assets.xcassets */,
			);
			path = "Preview Content";
			sourceTree = "<group>";
		};
		432063572701B27C00A7D805 /* GitHubSearch.iOSTests */ = {
			isa = PBXGroup;
			children = (
				432063582701B27C00A7D805 /* GitHubSearch_iOSTests.swift */,
			);
			path = GitHubSearch.iOSTests;
			sourceTree = "<group>";
		};
		432063732701B7B500A7D805 /* GitHubSearch */ = {
			isa = PBXGroup;
			children = (
				432063472701B27A00A7D805 /* GitHubSearch_iOSApp.swift */,
				432063712701B6A900A7D805 /* AppDelegate.swift */,
				432063742701B7D500A7D805 /* UI */,
				4320637A2701DE3A00A7D805 /* Domain */,
				432063812701E04100A7D805 /* API */,
				432063772701DB7F00A7D805 /* Environment */,
				435AC92C2704830F00447E15 /* Extensions */,
				435AC92927047D8100447E15 /* Utilities */,
				4320634B2701B27C00A7D805 /* Assets.xcassets */,
				4320634D2701B27C00A7D805 /* Preview Content */,
			);
			path = GitHubSearch;
			sourceTree = "<group>";
		};
		432063742701B7D500A7D805 /* UI */ = {
			isa = PBXGroup;
			children = (
				4320639C27033BCB00A7D805 /* Main */,
				4320639D27033BD900A7D805 /* Repositories */,
			);
			path = UI;
			sourceTree = "<group>";
		};
		432063772701DB7F00A7D805 /* Environment */ = {
			isa = PBXGroup;
			children = (
				432063782701DB9800A7D805 /* EnvironmentConfiguration.swift */,
			);
			path = Environment;
			sourceTree = "<group>";
		};
		4320637A2701DE3A00A7D805 /* Domain */ = {
			isa = PBXGroup;
			children = (
				4320637C2701DE4800A7D805 /* Services */,
				4320637B2701DE4200A7D805 /* Models */,
			);
			path = Domain;
			sourceTree = "<group>";
		};
		4320637B2701DE4200A7D805 /* Models */ = {
			isa = PBXGroup;
			children = (
				4320637F2701DEB700A7D805 /* Repository.swift */,
			);
			path = Models;
			sourceTree = "<group>";
		};
		4320637C2701DE4800A7D805 /* Services */ = {
			isa = PBXGroup;
			children = (
				432063752701DAD200A7D805 /* ApplicationService.swift */,
				4320637D2701DE6000A7D805 /* CoreDomainService.swift */,
			);
			path = Services;
			sourceTree = "<group>";
		};
		432063812701E04100A7D805 /* API */ = {
			isa = PBXGroup;
			children = (
				432063892701E67B00A7D805 /* CoreAPI */,
				432063842701E31D00A7D805 /* NetworkClient */,
				43206395270202E400A7D805 /* DTOs */,
			);
			path = API;
			sourceTree = "<group>";
		};
		432063842701E31D00A7D805 /* NetworkClient */ = {
			isa = PBXGroup;
			children = (
				432063852701E33E00A7D805 /* NetworkClient.swift */,
				432063872701E36500A7D805 /* DefaultNetworkClient.swift */,
			);
			path = NetworkClient;
			sourceTree = "<group>";
		};
		432063892701E67B00A7D805 /* CoreAPI */ = {
			isa = PBXGroup;
			children = (
				432063822701E05000A7D805 /* CoreAPI.swift */,
				4320638A2701E68D00A7D805 /* CoreAPIRouter.swift */,
			);
			path = CoreAPI;
			sourceTree = "<group>";
		};
		43206395270202E400A7D805 /* DTOs */ = {
			isa = PBXGroup;
			children = (
				432063962702037200A7D805 /* GitHubResponse.swift */,
				4320639A27032A3B00A7D805 /* GitHubError.swift */,
				432063982702051500A7D805 /* ResponseHandlerError.swift */,
			);
			path = DTOs;
			sourceTree = "<group>";
		};
		4320639C27033BCB00A7D805 /* Main */ = {
			isa = PBXGroup;
			children = (
				4320638E2701EA1400A7D805 /* RootView.swift */,
				4320639E27033C0400A7D805 /* SplashView.swift */,
			);
			path = Main;
			sourceTree = "<group>";
		};
		4320639D27033BD900A7D805 /* Repositories */ = {
			isa = PBXGroup;
			children = (
				432063492701B27A00A7D805 /* RepositoriesView.swift */,
			);
			path = Repositories;
			sourceTree = "<group>";
		};
		435AC92927047D8100447E15 /* Utilities */ = {
			isa = PBXGroup;
			children = (
				435AC92A27047D9C00447E15 /* AnyObservableObject.swift */,
			);
			path = Utilities;
			sourceTree = "<group>";
		};
		435AC92C2704830F00447E15 /* Extensions */ = {
			isa = PBXGroup;
			children = (
				435AC92D2704831F00447E15 /* View+Hidden.swift */,
			);
			path = Extensions;
			sourceTree = "<group>";
		};
/* End PBXGroup section */

/* Begin PBXNativeTarget section */
		432063432701B27A00A7D805 /* GitHubSearch.iOS */ = {
			isa = PBXNativeTarget;
			buildConfigurationList = 432063682701B27C00A7D805 /* Build configuration list for PBXNativeTarget "GitHubSearch.iOS" */;
			buildPhases = (
				432063402701B27A00A7D805 /* Sources */,
				432063412701B27A00A7D805 /* Frameworks */,
				432063422701B27A00A7D805 /* Resources */,
			);
			buildRules = (
			);
			dependencies = (
			);
			name = GitHubSearch.iOS;
			productName = GitHubSearch.iOS;
			productReference = 432063442701B27A00A7D805 /* GitHubSearch.iOS.app */;
			productType = "com.apple.product-type.application";
		};
		432063532701B27C00A7D805 /* GitHubSearch.iOSTests */ = {
			isa = PBXNativeTarget;
			buildConfigurationList = 4320636B2701B27C00A7D805 /* Build configuration list for PBXNativeTarget "GitHubSearch.iOSTests" */;
			buildPhases = (
				432063502701B27C00A7D805 /* Sources */,
				432063512701B27C00A7D805 /* Frameworks */,
				432063522701B27C00A7D805 /* Resources */,
			);
			buildRules = (
			);
			dependencies = (
				432063562701B27C00A7D805 /* PBXTargetDependency */,
			);
			name = GitHubSearch.iOSTests;
			productName = GitHubSearch.iOSTests;
			productReference = 432063542701B27C00A7D805 /* GitHubSearch.iOSTests.xctest */;
			productType = "com.apple.product-type.bundle.unit-test";
		};
/* End PBXNativeTarget section */

/* Begin PBXProject section */
		4320633C2701B27A00A7D805 /* Project object */ = {
			isa = PBXProject;
			attributes = {
				BuildIndependentTargetsInParallel = 1;
				LastSwiftUpdateCheck = 1300;
				LastUpgradeCheck = 1300;
				TargetAttributes = {
					432063432701B27A00A7D805 = {
						CreatedOnToolsVersion = 13.0;
					};
					432063532701B27C00A7D805 = {
						CreatedOnToolsVersion = 13.0;
						TestTargetID = 432063432701B27A00A7D805;
					};
				};
			};
			buildConfigurationList = 4320633F2701B27A00A7D805 /* Build configuration list for PBXProject "GitHubSearch.iOS" */;
			compatibilityVersion = "Xcode 13.0";
			developmentRegion = en;
			hasScannedForEncodings = 0;
			knownRegions = (
				en,
				Base,
			);
			mainGroup = 4320633B2701B27A00A7D805;
			productRefGroup = 432063452701B27A00A7D805 /* Products */;
			projectDirPath = "";
			projectRoot = "";
			targets = (
				432063432701B27A00A7D805 /* GitHubSearch.iOS */,
				432063532701B27C00A7D805 /* GitHubSearch.iOSTests */,
			);
		};
/* End PBXProject section */

/* Begin PBXResourcesBuildPhase section */
		432063422701B27A00A7D805 /* Resources */ = {
			isa = PBXResourcesBuildPhase;
			buildActionMask = 2147483647;
			files = (
				4320634F2701B27C00A7D805 /* Preview Assets.xcassets in Resources */,
				4320634C2701B27C00A7D805 /* Assets.xcassets in Resources */,
			);
			runOnlyForDeploymentPostprocessing = 0;
		};
		432063522701B27C00A7D805 /* Resources */ = {
			isa = PBXResourcesBuildPhase;
			buildActionMask = 2147483647;
			files = (
			);
			runOnlyForDeploymentPostprocessing = 0;
		};
/* End PBXResourcesBuildPhase section */

/* Begin PBXSourcesBuildPhase section */
		432063402701B27A00A7D805 /* Sources */ = {
			isa = PBXSourcesBuildPhase;
			buildActionMask = 2147483647;
			files = (
				4320637E2701DE6000A7D805 /* CoreDomainService.swift in Sources */,
				432063972702037200A7D805 /* GitHubResponse.swift in Sources */,
				432063762701DAD200A7D805 /* ApplicationService.swift in Sources */,
				435AC92B27047D9C00447E15 /* AnyObservableObject.swift in Sources */,
				432063792701DB9800A7D805 /* EnvironmentConfiguration.swift in Sources */,
				432063882701E36500A7D805 /* DefaultNetworkClient.swift in Sources */,
				432063832701E05000A7D805 /* CoreAPI.swift in Sources */,
				432063722701B6A900A7D805 /* AppDelegate.swift in Sources */,
				432063862701E33E00A7D805 /* NetworkClient.swift in Sources */,
				432063992702051500A7D805 /* ResponseHandlerError.swift in Sources */,
				4320634A2701B27A00A7D805 /* RepositoriesView.swift in Sources */,
				4320639F27033C0400A7D805 /* SplashView.swift in Sources */,
				435AC92E2704831F00447E15 /* View+Hidden.swift in Sources */,
				4320639B27032A3B00A7D805 /* GitHubError.swift in Sources */,
				4320638F2701EA1400A7D805 /* RootView.swift in Sources */,
				4320638B2701E68D00A7D805 /* CoreAPIRouter.swift in Sources */,
				432063482701B27A00A7D805 /* GitHubSearch_iOSApp.swift in Sources */,
				432063802701DEB700A7D805 /* Repository.swift in Sources */,
			);
			runOnlyForDeploymentPostprocessing = 0;
		};
		432063502701B27C00A7D805 /* Sources */ = {
			isa = PBXSourcesBuildPhase;
			buildActionMask = 2147483647;
			files = (
				432063592701B27C00A7D805 /* GitHubSearch_iOSTests.swift in Sources */,
			);
			runOnlyForDeploymentPostprocessing = 0;
		};
/* End PBXSourcesBuildPhase section */

/* Begin PBXTargetDependency section */
		432063562701B27C00A7D805 /* PBXTargetDependency */ = {
			isa = PBXTargetDependency;
			target = 432063432701B27A00A7D805 /* GitHubSearch.iOS */;
			targetProxy = 432063552701B27C00A7D805 /* PBXContainerItemProxy */;
		};
/* End PBXTargetDependency section */

/* Begin XCBuildConfiguration section */
		432063662701B27C00A7D805 /* Debug */ = {
			isa = XCBuildConfiguration;
			buildSettings = {
				ALWAYS_SEARCH_USER_PATHS = NO;
				CLANG_ANALYZER_NONNULL = YES;
				CLANG_ANALYZER_NUMBER_OBJECT_CONVERSION = YES_AGGRESSIVE;
				CLANG_CXX_LANGUAGE_STANDARD = "gnu++17";
				CLANG_CXX_LIBRARY = "libc++";
				CLANG_ENABLE_MODULES = YES;
				CLANG_ENABLE_OBJC_ARC = YES;
				CLANG_ENABLE_OBJC_WEAK = YES;
				CLANG_WARN_BLOCK_CAPTURE_AUTORELEASING = YES;
				CLANG_WARN_BOOL_CONVERSION = YES;
				CLANG_WARN_COMMA = YES;
				CLANG_WARN_CONSTANT_CONVERSION = YES;
				CLANG_WARN_DEPRECATED_OBJC_IMPLEMENTATIONS = YES;
				CLANG_WARN_DIRECT_OBJC_ISA_USAGE = YES_ERROR;
				CLANG_WARN_DOCUMENTATION_COMMENTS = YES;
				CLANG_WARN_EMPTY_BODY = YES;
				CLANG_WARN_ENUM_CONVERSION = YES;
				CLANG_WARN_INFINITE_RECURSION = YES;
				CLANG_WARN_INT_CONVERSION = YES;
				CLANG_WARN_NON_LITERAL_NULL_CONVERSION = YES;
				CLANG_WARN_OBJC_IMPLICIT_RETAIN_SELF = YES;
				CLANG_WARN_OBJC_LITERAL_CONVERSION = YES;
				CLANG_WARN_OBJC_ROOT_CLASS = YES_ERROR;
				CLANG_WARN_QUOTED_INCLUDE_IN_FRAMEWORK_HEADER = YES;
				CLANG_WARN_RANGE_LOOP_ANALYSIS = YES;
				CLANG_WARN_STRICT_PROTOTYPES = YES;
				CLANG_WARN_SUSPICIOUS_MOVE = YES;
				CLANG_WARN_UNGUARDED_AVAILABILITY = YES_AGGRESSIVE;
				CLANG_WARN_UNREACHABLE_CODE = YES;
				CLANG_WARN__DUPLICATE_METHOD_MATCH = YES;
				COPY_PHASE_STRIP = NO;
				DEBUG_INFORMATION_FORMAT = dwarf;
				ENABLE_STRICT_OBJC_MSGSEND = YES;
				ENABLE_TESTABILITY = YES;
				GCC_C_LANGUAGE_STANDARD = gnu11;
				GCC_DYNAMIC_NO_PIC = NO;
				GCC_NO_COMMON_BLOCKS = YES;
				GCC_OPTIMIZATION_LEVEL = 0;
				GCC_PREPROCESSOR_DEFINITIONS = (
					"DEBUG=1",
					"$(inherited)",
				);
				GCC_WARN_64_TO_32_BIT_CONVERSION = YES;
				GCC_WARN_ABOUT_RETURN_TYPE = YES_ERROR;
				GCC_WARN_UNDECLARED_SELECTOR = YES;
				GCC_WARN_UNINITIALIZED_AUTOS = YES_AGGRESSIVE;
				GCC_WARN_UNUSED_FUNCTION = YES;
				GCC_WARN_UNUSED_VARIABLE = YES;
				IPHONEOS_DEPLOYMENT_TARGET = 15.0;
				MTL_ENABLE_DEBUG_INFO = INCLUDE_SOURCE;
				MTL_FAST_MATH = YES;
				ONLY_ACTIVE_ARCH = YES;
				SDKROOT = iphoneos;
				SWIFT_ACTIVE_COMPILATION_CONDITIONS = DEBUG;
				SWIFT_OPTIMIZATION_LEVEL = "-Onone";
			};
			name = Debug;
		};
		432063672701B27C00A7D805 /* Release */ = {
			isa = XCBuildConfiguration;
			buildSettings = {
				ALWAYS_SEARCH_USER_PATHS = NO;
				CLANG_ANALYZER_NONNULL = YES;
				CLANG_ANALYZER_NUMBER_OBJECT_CONVERSION = YES_AGGRESSIVE;
				CLANG_CXX_LANGUAGE_STANDARD = "gnu++17";
				CLANG_CXX_LIBRARY = "libc++";
				CLANG_ENABLE_MODULES = YES;
				CLANG_ENABLE_OBJC_ARC = YES;
				CLANG_ENABLE_OBJC_WEAK = YES;
				CLANG_WARN_BLOCK_CAPTURE_AUTORELEASING = YES;
				CLANG_WARN_BOOL_CONVERSION = YES;
				CLANG_WARN_COMMA = YES;
				CLANG_WARN_CONSTANT_CONVERSION = YES;
				CLANG_WARN_DEPRECATED_OBJC_IMPLEMENTATIONS = YES;
				CLANG_WARN_DIRECT_OBJC_ISA_USAGE = YES_ERROR;
				CLANG_WARN_DOCUMENTATION_COMMENTS = YES;
				CLANG_WARN_EMPTY_BODY = YES;
				CLANG_WARN_ENUM_CONVERSION = YES;
				CLANG_WARN_INFINITE_RECURSION = YES;
				CLANG_WARN_INT_CONVERSION = YES;
				CLANG_WARN_NON_LITERAL_NULL_CONVERSION = YES;
				CLANG_WARN_OBJC_IMPLICIT_RETAIN_SELF = YES;
				CLANG_WARN_OBJC_LITERAL_CONVERSION = YES;
				CLANG_WARN_OBJC_ROOT_CLASS = YES_ERROR;
				CLANG_WARN_QUOTED_INCLUDE_IN_FRAMEWORK_HEADER = YES;
				CLANG_WARN_RANGE_LOOP_ANALYSIS = YES;
				CLANG_WARN_STRICT_PROTOTYPES = YES;
				CLANG_WARN_SUSPICIOUS_MOVE = YES;
				CLANG_WARN_UNGUARDED_AVAILABILITY = YES_AGGRESSIVE;
				CLANG_WARN_UNREACHABLE_CODE = YES;
				CLANG_WARN__DUPLICATE_METHOD_MATCH = YES;
				COPY_PHASE_STRIP = NO;
				DEBUG_INFORMATION_FORMAT = "dwarf-with-dsym";
				ENABLE_NS_ASSERTIONS = NO;
				ENABLE_STRICT_OBJC_MSGSEND = YES;
				GCC_C_LANGUAGE_STANDARD = gnu11;
				GCC_NO_COMMON_BLOCKS = YES;
				GCC_WARN_64_TO_32_BIT_CONVERSION = YES;
				GCC_WARN_ABOUT_RETURN_TYPE = YES_ERROR;
				GCC_WARN_UNDECLARED_SELECTOR = YES;
				GCC_WARN_UNINITIALIZED_AUTOS = YES_AGGRESSIVE;
				GCC_WARN_UNUSED_FUNCTION = YES;
				GCC_WARN_UNUSED_VARIABLE = YES;
				IPHONEOS_DEPLOYMENT_TARGET = 15.0;
				MTL_ENABLE_DEBUG_INFO = NO;
				MTL_FAST_MATH = YES;
				SDKROOT = iphoneos;
				SWIFT_COMPILATION_MODE = wholemodule;
				SWIFT_OPTIMIZATION_LEVEL = "-O";
				VALIDATE_PRODUCT = YES;
			};
			name = Release;
		};
		432063692701B27C00A7D805 /* Debug */ = {
			isa = XCBuildConfiguration;
			buildSettings = {
				ASSETCATALOG_COMPILER_APPICON_NAME = AppIcon;
				ASSETCATALOG_COMPILER_GLOBAL_ACCENT_COLOR_NAME = AccentColor;
				CODE_SIGN_STYLE = Automatic;
				CURRENT_PROJECT_VERSION = 1;
				DEVELOPMENT_ASSET_PATHS = "\"GitHubSearch.iOS/GitHubSearch/Preview Content\"";
				DEVELOPMENT_TEAM = 3Z8J5HM3B7;
				ENABLE_PREVIEWS = YES;
				GENERATE_INFOPLIST_FILE = YES;
				INFOPLIST_KEY_UIApplicationSceneManifest_Generation = YES;
				INFOPLIST_KEY_UIApplicationSupportsIndirectInputEvents = YES;
				INFOPLIST_KEY_UILaunchScreen_Generation = YES;
				INFOPLIST_KEY_UISupportedInterfaceOrientations = UIInterfaceOrientationPortrait;
				INFOPLIST_KEY_UISupportedInterfaceOrientations_iPad = "UIInterfaceOrientationPortrait UIInterfaceOrientationPortraitUpsideDown UIInterfaceOrientationLandscapeLeft UIInterfaceOrientationLandscapeRight";
				INFOPLIST_KEY_UISupportedInterfaceOrientations_iPhone = "UIInterfaceOrientationPortrait UIInterfaceOrientationLandscapeLeft UIInterfaceOrientationLandscapeRight";
				IPHONEOS_DEPLOYMENT_TARGET = 15.0;
				LD_RUNPATH_SEARCH_PATHS = (
					"$(inherited)",
					"@executable_path/Frameworks",
				);
				MARKETING_VERSION = 1.0;
				PRODUCT_BUNDLE_IDENTIFIER = "com.tehnsd.GitHubSearch-iOS";
				PRODUCT_NAME = "$(TARGET_NAME)";
				SWIFT_EMIT_LOC_STRINGS = YES;
				SWIFT_VERSION = 5.0;
				TARGETED_DEVICE_FAMILY = 1;
			};
			name = Debug;
		};
		4320636A2701B27C00A7D805 /* Release */ = {
			isa = XCBuildConfiguration;
			buildSettings = {
				ASSETCATALOG_COMPILER_APPICON_NAME = AppIcon;
				ASSETCATALOG_COMPILER_GLOBAL_ACCENT_COLOR_NAME = AccentColor;
				CODE_SIGN_STYLE = Automatic;
				CURRENT_PROJECT_VERSION = 1;
				DEVELOPMENT_ASSET_PATHS = "\"GitHubSearch.iOS/GitHubSearch/Preview Content\"";
				DEVELOPMENT_TEAM = 3Z8J5HM3B7;
				ENABLE_PREVIEWS = YES;
				GENERATE_INFOPLIST_FILE = YES;
				INFOPLIST_KEY_UIApplicationSceneManifest_Generation = YES;
				INFOPLIST_KEY_UIApplicationSupportsIndirectInputEvents = YES;
				INFOPLIST_KEY_UILaunchScreen_Generation = YES;
				INFOPLIST_KEY_UISupportedInterfaceOrientations = UIInterfaceOrientationPortrait;
				INFOPLIST_KEY_UISupportedInterfaceOrientations_iPad = "UIInterfaceOrientationPortrait UIInterfaceOrientationPortraitUpsideDown UIInterfaceOrientationLandscapeLeft UIInterfaceOrientationLandscapeRight";
				INFOPLIST_KEY_UISupportedInterfaceOrientations_iPhone = "UIInterfaceOrientationPortrait UIInterfaceOrientationLandscapeLeft UIInterfaceOrientationLandscapeRight";
				IPHONEOS_DEPLOYMENT_TARGET = 15.0;
				LD_RUNPATH_SEARCH_PATHS = (
					"$(inherited)",
					"@executable_path/Frameworks",
				);
				MARKETING_VERSION = 1.0;
				PRODUCT_BUNDLE_IDENTIFIER = "com.tehnsd.GitHubSearch-iOS";
				PRODUCT_NAME = "$(TARGET_NAME)";
				SWIFT_EMIT_LOC_STRINGS = YES;
				SWIFT_VERSION = 5.0;
				TARGETED_DEVICE_FAMILY = 1;
			};
			name = Release;
		};
		4320636C2701B27C00A7D805 /* Debug */ = {
			isa = XCBuildConfiguration;
			buildSettings = {
				ALWAYS_EMBED_SWIFT_STANDARD_LIBRARIES = YES;
				BUNDLE_LOADER = "$(TEST_HOST)";
				CODE_SIGN_STYLE = Automatic;
				CURRENT_PROJECT_VERSION = 1;
				GENERATE_INFOPLIST_FILE = YES;
				IPHONEOS_DEPLOYMENT_TARGET = 15.0;
				LD_RUNPATH_SEARCH_PATHS = (
					"$(inherited)",
					"@executable_path/Frameworks",
					"@loader_path/Frameworks",
				);
				MARKETING_VERSION = 1.0;
				PRODUCT_BUNDLE_IDENTIFIER = "com.tehnsd.GitHubSearch-iOSTests";
				PRODUCT_NAME = "$(TARGET_NAME)";
				SWIFT_EMIT_LOC_STRINGS = NO;
				SWIFT_VERSION = 5.0;
				TARGETED_DEVICE_FAMILY = "1,2";
				TEST_HOST = "$(BUILT_PRODUCTS_DIR)/GitHubSearch.iOS.app/GitHubSearch.iOS";
			};
			name = Debug;
		};
		4320636D2701B27C00A7D805 /* Release */ = {
			isa = XCBuildConfiguration;
			buildSettings = {
				ALWAYS_EMBED_SWIFT_STANDARD_LIBRARIES = YES;
				BUNDLE_LOADER = "$(TEST_HOST)";
				CODE_SIGN_STYLE = Automatic;
				CURRENT_PROJECT_VERSION = 1;
				GENERATE_INFOPLIST_FILE = YES;
				IPHONEOS_DEPLOYMENT_TARGET = 15.0;
				LD_RUNPATH_SEARCH_PATHS = (
					"$(inherited)",
					"@executable_path/Frameworks",
					"@loader_path/Frameworks",
				);
				MARKETING_VERSION = 1.0;
				PRODUCT_BUNDLE_IDENTIFIER = "com.tehnsd.GitHubSearch-iOSTests";
				PRODUCT_NAME = "$(TARGET_NAME)";
				SWIFT_EMIT_LOC_STRINGS = NO;
				SWIFT_VERSION = 5.0;
				TARGETED_DEVICE_FAMILY = "1,2";
				TEST_HOST = "$(BUILT_PRODUCTS_DIR)/GitHubSearch.iOS.app/GitHubSearch.iOS";
			};
			name = Release;
		};
/* End XCBuildConfiguration section */

/* Begin XCConfigurationList section */
		4320633F2701B27A00A7D805 /* Build configuration list for PBXProject "GitHubSearch.iOS" */ = {
			isa = XCConfigurationList;
			buildConfigurations = (
				432063662701B27C00A7D805 /* Debug */,
				432063672701B27C00A7D805 /* Release */,
			);
			defaultConfigurationIsVisible = 0;
			defaultConfigurationName = Release;
		};
		432063682701B27C00A7D805 /* Build configuration list for PBXNativeTarget "GitHubSearch.iOS" */ = {
			isa = XCConfigurationList;
			buildConfigurations = (
				432063692701B27C00A7D805 /* Debug */,
				4320636A2701B27C00A7D805 /* Release */,
			);
			defaultConfigurationIsVisible = 0;
			defaultConfigurationName = Release;
		};
		4320636B2701B27C00A7D805 /* Build configuration list for PBXNativeTarget "GitHubSearch.iOSTests" */ = {
			isa = XCConfigurationList;
			buildConfigurations = (
				4320636C2701B27C00A7D805 /* Debug */,
				4320636D2701B27C00A7D805 /* Release */,
			);
			defaultConfigurationIsVisible = 0;
			defaultConfigurationName = Release;
		};
/* End XCConfigurationList section */
	};
	rootObject = 4320633C2701B27A00A7D805 /* Project object */;
}
